
Microsoft Visual Studio Solution File, Format Version 12.00
# Visual Studio 15
VisualStudioVersion = 15.0.26730.10
MinimumVisualStudioVersion = 10.0.40219.1

Project("{6EC3EE1D-3C4E-46DD-8F32-0CC8E7565705}") = "FablExplr", "FablExplr\FablExplr.fsproj", "{DE135A6B-EA6A-4A9A-B5F7-0E57ABEEEA38}"
EndProject

Project("{F2A71F9B-5D33-465A-A702-920D77279786}") = "FablExplr.Android", "FablExplr.Android\FablExplr.Android.fsproj", "{78A73D33-F956-44F4-9E38-DBCBA4500FDC}"
EndProject


Project("{F2A71F9B-5D33-465A-A702-920D77279786}") = "FablExplr.iOS", "FablExplr.iOS\FablExplr.iOS.fsproj", "{C6FACA6C-104D-49D0-9026-FCDFA3F1B603}"
EndProject

Project("{F2A71F9B-5D33-465A-A702-920D77279786}") = "FablExplr.macOS", "FablExplr.macOS\FablExplr.macOS.fsproj", "{0B6C2F2C-210C-45A8-A3A0-C16DE95E71DB}"
EndProject



Global
	GlobalSection(SolutionConfigurationPlatforms) = preSolution
		Ad-Hoc|Any CPU = Ad-Hoc|Any CPU
		Ad-Hoc|ARM = Ad-Hoc|ARM
		Ad-Hoc|iPhone = Ad-Hoc|iPhone
		Ad-Hoc|iPhoneSimulator = Ad-Hoc|iPhoneSimulator
		Ad-Hoc|x64 = Ad-Hoc|x64
		Ad-Hoc|x86 = Ad-Hoc|x86
		AppStore|Any CPU = AppStore|Any CPU
		AppStore|ARM = AppStore|ARM
		AppStore|iPhone = AppStore|iPhone
		AppStore|iPhoneSimulator = AppStore|iPhoneSimulator
		AppStore|x64 = AppStore|x64
		AppStore|x86 = AppStore|x86
		Debug|Any CPU = Debug|Any CPU
		Debug|ARM = Debug|ARM
		Debug|iPhone = Debug|iPhone
		Debug|iPhoneSimulator = Debug|iPhoneSimulator
		Debug|x64 = Debug|x64
		Debug|x86 = Debug|x86
		Release|Any CPU = Release|Any CPU
		Release|ARM = Release|ARM
		Release|iPhone = Release|iPhone
		Release|iPhoneSimulator = Release|iPhoneSimulator
		Release|x64 = Release|x64
		Release|x86 = Release|x86
	EndGlobalSection
	GlobalSection(ProjectConfigurationPlatforms) = postSolution
		{DE135A6B-EA6A-4A9A-B5F7-0E57ABEEEA38}.Ad-Hoc|Any CPU.ActiveCfg = Debug|Any CPU
		{DE135A6B-EA6A-4A9A-B5F7-0E57ABEEEA38}.Ad-Hoc|Any CPU.Build.0 = Debug|Any CPU
		{DE135A6B-EA6A-4A9A-B5F7-0E57ABEEEA38}.Ad-Hoc|ARM.ActiveCfg = Debug|Any CPU
		{DE135A6B-EA6A-4A9A-B5F7-0E57ABEEEA38}.Ad-Hoc|ARM.Build.0 = Debug|Any CPU
		{DE135A6B-EA6A-4A9A-B5F7-0E57ABEEEA38}.Ad-Hoc|iPhone.ActiveCfg = Debug|Any CPU
		{DE135A6B-EA6A-4A9A-B5F7-0E57ABEEEA38}.Ad-Hoc|iPhone.Build.0 = Debug|Any CPU
		{DE135A6B-EA6A-4A9A-B5F7-0E57ABEEEA38}.Ad-Hoc|iPhoneSimulator.ActiveCfg = Debug|Any CPU
		{DE135A6B-EA6A-4A9A-B5F7-0E57ABEEEA38}.Ad-Hoc|iPhoneSimulator.Build.0 = Debug|Any CPU
		{DE135A6B-EA6A-4A9A-B5F7-0E57ABEEEA38}.Ad-Hoc|x64.ActiveCfg = Debug|Any CPU
		{DE135A6B-EA6A-4A9A-B5F7-0E57ABEEEA38}.Ad-Hoc|x64.Build.0 = Debug|Any CPU
		{DE135A6B-EA6A-4A9A-B5F7-0E57ABEEEA38}.Ad-Hoc|x86.ActiveCfg = Debug|Any CPU
		{DE135A6B-EA6A-4A9A-B5F7-0E57ABEEEA38}.Ad-Hoc|x86.Build.0 = Debug|Any CPU
		{DE135A6B-EA6A-4A9A-B5F7-0E57ABEEEA38}.AppStore|Any CPU.ActiveCfg = Debug|Any CPU
		{DE135A6B-EA6A-4A9A-B5F7-0E57ABEEEA38}.AppStore|Any CPU.Build.0 = Debug|Any CPU
		{DE135A6B-EA6A-4A9A-B5F7-0E57ABEEEA38}.AppStore|ARM.ActiveCfg = Debug|Any CPU
		{DE135A6B-EA6A-4A9A-B5F7-0E57ABEEEA38}.AppStore|ARM.Build.0 = Debug|Any CPU
		{DE135A6B-EA6A-4A9A-B5F7-0E57ABEEEA38}.AppStore|iPhone.ActiveCfg = Debug|Any CPU
		{DE135A6B-EA6A-4A9A-B5F7-0E57ABEEEA38}.AppStore|iPhone.Build.0 = Debug|Any CPU
		{DE135A6B-EA6A-4A9A-B5F7-0E57ABEEEA38}.AppStore|iPhoneSimulator.ActiveCfg = Debug|Any CPU
		{DE135A6B-EA6A-4A9A-B5F7-0E57ABEEEA38}.AppStore|iPhoneSimulator.Build.0 = Debug|Any CPU
		{DE135A6B-EA6A-4A9A-B5F7-0E57ABEEEA38}.AppStore|x64.ActiveCfg = Debug|Any CPU
		{DE135A6B-EA6A-4A9A-B5F7-0E57ABEEEA38}.AppStore|x64.Build.0 = Debug|Any CPU
		{DE135A6B-EA6A-4A9A-B5F7-0E57ABEEEA38}.AppStore|x86.ActiveCfg = Debug|Any CPU
		{DE135A6B-EA6A-4A9A-B5F7-0E57ABEEEA38}.AppStore|x86.Build.0 = Debug|Any CPU
		{DE135A6B-EA6A-4A9A-B5F7-0E57ABEEEA38}.Debug|Any CPU.ActiveCfg = Debug|Any CPU
		{DE135A6B-EA6A-4A9A-B5F7-0E57ABEEEA38}.Debug|Any CPU.Build.0 = Debug|Any CPU
		{DE135A6B-EA6A-4A9A-B5F7-0E57ABEEEA38}.Debug|ARM.ActiveCfg = Debug|Any CPU
		{DE135A6B-EA6A-4A9A-B5F7-0E57ABEEEA38}.Debug|ARM.Build.0 = Debug|Any CPU
		{DE135A6B-EA6A-4A9A-B5F7-0E57ABEEEA38}.Debug|iPhone.ActiveCfg = Debug|Any CPU
		{DE135A6B-EA6A-4A9A-B5F7-0E57ABEEEA38}.Debug|iPhone.Build.0 = Debug|Any CPU
		{DE135A6B-EA6A-4A9A-B5F7-0E57ABEEEA38}.Debug|iPhoneSimulator.ActiveCfg = Debug|Any CPU
		{DE135A6B-EA6A-4A9A-B5F7-0E57ABEEEA38}.Debug|iPhoneSimulator.Build.0 = Debug|Any CPU
		{DE135A6B-EA6A-4A9A-B5F7-0E57ABEEEA38}.Debug|x64.ActiveCfg = Debug|Any CPU
		{DE135A6B-EA6A-4A9A-B5F7-0E57ABEEEA38}.Debug|x64.Build.0 = Debug|Any CPU
		{DE135A6B-EA6A-4A9A-B5F7-0E57ABEEEA38}.Debug|x86.ActiveCfg = Debug|Any CPU
		{DE135A6B-EA6A-4A9A-B5F7-0E57ABEEEA38}.Debug|x86.Build.0 = Debug|Any CPU
		{DE135A6B-EA6A-4A9A-B5F7-0E57ABEEEA38}.Release|Any CPU.ActiveCfg = Release|Any CPU
		{DE135A6B-EA6A-4A9A-B5F7-0E57ABEEEA38}.Release|Any CPU.Build.0 = Release|Any CPU
		{DE135A6B-EA6A-4A9A-B5F7-0E57ABEEEA38}.Release|ARM.ActiveCfg = Release|Any CPU
		{DE135A6B-EA6A-4A9A-B5F7-0E57ABEEEA38}.Release|ARM.Build.0 = Release|Any CPU
		{DE135A6B-EA6A-4A9A-B5F7-0E57ABEEEA38}.Release|iPhone.ActiveCfg = Release|Any CPU
		{DE135A6B-EA6A-4A9A-B5F7-0E57ABEEEA38}.Release|iPhone.Build.0 = Release|Any CPU
		{DE135A6B-EA6A-4A9A-B5F7-0E57ABEEEA38}.Release|iPhoneSimulator.ActiveCfg = Release|Any CPU
		{DE135A6B-EA6A-4A9A-B5F7-0E57ABEEEA38}.Release|iPhoneSimulator.Build.0 = Release|Any CPU
		{DE135A6B-EA6A-4A9A-B5F7-0E57ABEEEA38}.Release|x64.ActiveCfg = Release|Any CPU
		{DE135A6B-EA6A-4A9A-B5F7-0E57ABEEEA38}.Release|x64.Build.0 = Release|Any CPU
		{DE135A6B-EA6A-4A9A-B5F7-0E57ABEEEA38}.Release|x86.ActiveCfg = Release|Any CPU
		{DE135A6B-EA6A-4A9A-B5F7-0E57ABEEEA38}.Release|x86.Build.0 = Release|Any CPU
		{C6FACA6C-104D-49D0-9026-FCDFA3F1B603}.Ad-Hoc|Any CPU.ActiveCfg = Ad-Hoc|iPhone
		{C6FACA6C-104D-49D0-9026-FCDFA3F1B603}.Ad-Hoc|ARM.ActiveCfg = Ad-Hoc|iPhone
		{C6FACA6C-104D-49D0-9026-FCDFA3F1B603}.Ad-Hoc|iPhone.ActiveCfg = Ad-Hoc|iPhone
		{C6FACA6C-104D-49D0-9026-FCDFA3F1B603}.Ad-Hoc|iPhone.Build.0 = Ad-Hoc|iPhone
		{C6FACA6C-104D-49D0-9026-FCDFA3F1B603}.Ad-Hoc|iPhoneSimulator.ActiveCfg = Ad-Hoc|iPhoneSimulator
		{C6FACA6C-104D-49D0-9026-FCDFA3F1B603}.Ad-Hoc|iPhoneSimulator.Build.0 = Ad-Hoc|iPhoneSimulator
		{C6FACA6C-104D-49D0-9026-FCDFA3F1B603}.Ad-Hoc|x64.ActiveCfg = Ad-Hoc|iPhone
		{C6FACA6C-104D-49D0-9026-FCDFA3F1B603}.Ad-Hoc|x86.ActiveCfg = Ad-Hoc|iPhone
		{C6FACA6C-104D-49D0-9026-FCDFA3F1B603}.AppStore|Any CPU.ActiveCfg = AppStore|iPhone
		{C6FACA6C-104D-49D0-9026-FCDFA3F1B603}.AppStore|ARM.ActiveCfg = AppStore|iPhone
		{C6FACA6C-104D-49D0-9026-FCDFA3F1B603}.AppStore|iPhone.ActiveCfg = AppStore|iPhone
		{C6FACA6C-104D-49D0-9026-FCDFA3F1B603}.AppStore|iPhone.Build.0 = AppStore|iPhone
		{C6FACA6C-104D-49D0-9026-FCDFA3F1B603}.AppStore|iPhoneSimulator.ActiveCfg = AppStore|iPhoneSimulator
		{C6FACA6C-104D-49D0-9026-FCDFA3F1B603}.AppStore|iPhoneSimulator.Build.0 = AppStore|iPhoneSimulator
		{C6FACA6C-104D-49D0-9026-FCDFA3F1B603}.AppStore|x64.ActiveCfg = AppStore|iPhone
		{C6FACA6C-104D-49D0-9026-FCDFA3F1B603}.AppStore|x86.ActiveCfg = AppStore|iPhone
		{C6FACA6C-104D-49D0-9026-FCDFA3F1B603}.Debug|Any CPU.ActiveCfg = Debug|iPhone
		{C6FACA6C-104D-49D0-9026-FCDFA3F1B603}.Debug|ARM.ActiveCfg = Debug|iPhone
		{C6FACA6C-104D-49D0-9026-FCDFA3F1B603}.Debug|iPhone.ActiveCfg = Debug|iPhone
		{C6FACA6C-104D-49D0-9026-FCDFA3F1B603}.Debug|iPhone.Build.0 = Debug|iPhone
		{C6FACA6C-104D-49D0-9026-FCDFA3F1B603}.Debug|iPhoneSimulator.ActiveCfg = Debug|iPhoneSimulator
		{C6FACA6C-104D-49D0-9026-FCDFA3F1B603}.Debug|iPhoneSimulator.Build.0 = Debug|iPhoneSimulator
		{C6FACA6C-104D-49D0-9026-FCDFA3F1B603}.Debug|x64.ActiveCfg = Debug|iPhone
		{C6FACA6C-104D-49D0-9026-FCDFA3F1B603}.Debug|x86.ActiveCfg = Debug|iPhone
		{C6FACA6C-104D-49D0-9026-FCDFA3F1B603}.Release|Any CPU.ActiveCfg = Release|iPhone
		{C6FACA6C-104D-49D0-9026-FCDFA3F1B603}.Release|ARM.ActiveCfg = Release|iPhone
		{C6FACA6C-104D-49D0-9026-FCDFA3F1B603}.Release|iPhone.ActiveCfg = Release|iPhone
		{C6FACA6C-104D-49D0-9026-FCDFA3F1B603}.Release|iPhone.Build.0 = Release|iPhone
		{C6FACA6C-104D-49D0-9026-FCDFA3F1B603}.Release|iPhoneSimulator.ActiveCfg = Release|iPhoneSimulator
		{C6FACA6C-104D-49D0-9026-FCDFA3F1B603}.Release|iPhoneSimulator.Build.0 = Release|iPhoneSimulator
		{C6FACA6C-104D-49D0-9026-FCDFA3F1B603}.Release|x64.ActiveCfg = Release|iPhone
		{C6FACA6C-104D-49D0-9026-FCDFA3F1B603}.Release|x86.ActiveCfg = Release|iPhone
		{DBE246B7-B7A3-47CA-8C0A-C2F4902C2F9F}.Ad-Hoc|Any CPU.ActiveCfg = Release|x86
		{DBE246B7-B7A3-47CA-8C0A-C2F4902C2F9F}.Ad-Hoc|Any CPU.Build.0 = Release|x86
		{DBE246B7-B7A3-47CA-8C0A-C2F4902C2F9F}.Ad-Hoc|Any CPU.Deploy.0 = Release|x86
		{DBE246B7-B7A3-47CA-8C0A-C2F4902C2F9F}.Ad-Hoc|ARM.ActiveCfg = Release|ARM
		{DBE246B7-B7A3-47CA-8C0A-C2F4902C2F9F}.Ad-Hoc|ARM.Build.0 = Release|ARM
		{DBE246B7-B7A3-47CA-8C0A-C2F4902C2F9F}.Ad-Hoc|ARM.Deploy.0 = Release|ARM
		{DBE246B7-B7A3-47CA-8C0A-C2F4902C2F9F}.Ad-Hoc|iPhone.ActiveCfg = Release|x86
		{DBE246B7-B7A3-47CA-8C0A-C2F4902C2F9F}.Ad-Hoc|iPhone.Build.0 = Release|x86
		{DBE246B7-B7A3-47CA-8C0A-C2F4902C2F9F}.Ad-Hoc|iPhone.Deploy.0 = Release|x86
		{DBE246B7-B7A3-47CA-8C0A-C2F4902C2F9F}.Ad-Hoc|iPhoneSimulator.ActiveCfg = Release|x86
		{DBE246B7-B7A3-47CA-8C0A-C2F4902C2F9F}.Ad-Hoc|iPhoneSimulator.Build.0 = Release|x86
		{DBE246B7-B7A3-47CA-8C0A-C2F4902C2F9F}.Ad-Hoc|iPhoneSimulator.Deploy.0 = Release|x86
		{DBE246B7-B7A3-47CA-8C0A-C2F4902C2F9F}.Ad-Hoc|x64.ActiveCfg = Release|x64
		{DBE246B7-B7A3-47CA-8C0A-C2F4902C2F9F}.Ad-Hoc|x64.Build.0 = Release|x64
		{DBE246B7-B7A3-47CA-8C0A-C2F4902C2F9F}.Ad-Hoc|x64.Deploy.0 = Release|x64
		{DBE246B7-B7A3-47CA-8C0A-C2F4902C2F9F}.Ad-Hoc|x86.ActiveCfg = Release|x86
		{DBE246B7-B7A3-47CA-8C0A-C2F4902C2F9F}.Ad-Hoc|x86.Build.0 = Release|x86
		{DBE246B7-B7A3-47CA-8C0A-C2F4902C2F9F}.Ad-Hoc|x86.Deploy.0 = Release|x86
		{DBE246B7-B7A3-47CA-8C0A-C2F4902C2F9F}.AppStore|Any CPU.ActiveCfg = Release|x86
		{DBE246B7-B7A3-47CA-8C0A-C2F4902C2F9F}.AppStore|Any CPU.Build.0 = Release|x86
		{DBE246B7-B7A3-47CA-8C0A-C2F4902C2F9F}.AppStore|Any CPU.Deploy.0 = Release|x86
		{DBE246B7-B7A3-47CA-8C0A-C2F4902C2F9F}.AppStore|ARM.ActiveCfg = Release|ARM
		{DBE246B7-B7A3-47CA-8C0A-C2F4902C2F9F}.AppStore|ARM.Build.0 = Release|ARM
		{DBE246B7-B7A3-47CA-8C0A-C2F4902C2F9F}.AppStore|ARM.Deploy.0 = Release|ARM
		{DBE246B7-B7A3-47CA-8C0A-C2F4902C2F9F}.AppStore|iPhone.ActiveCfg = Release|x86
		{DBE246B7-B7A3-47CA-8C0A-C2F4902C2F9F}.AppStore|iPhone.Build.0 = Release|x86
		{DBE246B7-B7A3-47CA-8C0A-C2F4902C2F9F}.AppStore|iPhone.Deploy.0 = Release|x86
		{DBE246B7-B7A3-47CA-8C0A-C2F4902C2F9F}.AppStore|iPhoneSimulator.ActiveCfg = Release|x86
		{DBE246B7-B7A3-47CA-8C0A-C2F4902C2F9F}.AppStore|iPhoneSimulator.Build.0 = Release|x86
		{DBE246B7-B7A3-47CA-8C0A-C2F4902C2F9F}.AppStore|iPhoneSimulator.Deploy.0 = Release|x86
		{DBE246B7-B7A3-47CA-8C0A-C2F4902C2F9F}.AppStore|x64.ActiveCfg = Release|x64
		{DBE246B7-B7A3-47CA-8C0A-C2F4902C2F9F}.AppStore|x64.Build.0 = Release|x64
		{DBE246B7-B7A3-47CA-8C0A-C2F4902C2F9F}.AppStore|x64.Deploy.0 = Release|x64
		{DBE246B7-B7A3-47CA-8C0A-C2F4902C2F9F}.AppStore|x86.ActiveCfg = Release|x86
		{DBE246B7-B7A3-47CA-8C0A-C2F4902C2F9F}.AppStore|x86.Build.0 = Release|x86
		{DBE246B7-B7A3-47CA-8C0A-C2F4902C2F9F}.AppStore|x86.Deploy.0 = Release|x86
		{DBE246B7-B7A3-47CA-8C0A-C2F4902C2F9F}.Debug|Any CPU.ActiveCfg = Debug|x86
		{DBE246B7-B7A3-47CA-8C0A-C2F4902C2F9F}.Debug|ARM.ActiveCfg = Debug|ARM
		{DBE246B7-B7A3-47CA-8C0A-C2F4902C2F9F}.Debug|ARM.Build.0 = Debug|ARM
		{DBE246B7-B7A3-47CA-8C0A-C2F4902C2F9F}.Debug|ARM.Deploy.0 = Debug|ARM
		{DBE246B7-B7A3-47CA-8C0A-C2F4902C2F9F}.Debug|iPhone.ActiveCfg = Debug|x86
		{DBE246B7-B7A3-47CA-8C0A-C2F4902C2F9F}.Debug|iPhoneSimulator.ActiveCfg = Debug|x86
		{DBE246B7-B7A3-47CA-8C0A-C2F4902C2F9F}.Debug|x64.ActiveCfg = Debug|x64
		{DBE246B7-B7A3-47CA-8C0A-C2F4902C2F9F}.Debug|x64.Build.0 = Debug|x64
		{DBE246B7-B7A3-47CA-8C0A-C2F4902C2F9F}.Debug|x64.Deploy.0 = Debug|x64
		{DBE246B7-B7A3-47CA-8C0A-C2F4902C2F9F}.Debug|x86.ActiveCfg = Debug|x86
		{DBE246B7-B7A3-47CA-8C0A-C2F4902C2F9F}.Debug|x86.Build.0 = Debug|x86
		{DBE246B7-B7A3-47CA-8C0A-C2F4902C2F9F}.Debug|x86.Deploy.0 = Debug|x86
		{DBE246B7-B7A3-47CA-8C0A-C2F4902C2F9F}.Release|Any CPU.ActiveCfg = Release|x86
		{DBE246B7-B7A3-47CA-8C0A-C2F4902C2F9F}.Release|ARM.ActiveCfg = Release|ARM
		{DBE246B7-B7A3-47CA-8C0A-C2F4902C2F9F}.Release|ARM.Build.0 = Release|ARM
		{DBE246B7-B7A3-47CA-8C0A-C2F4902C2F9F}.Release|ARM.Deploy.0 = Release|ARM
		{DBE246B7-B7A3-47CA-8C0A-C2F4902C2F9F}.Release|iPhone.ActiveCfg = Release|x86
		{DBE246B7-B7A3-47CA-8C0A-C2F4902C2F9F}.Release|iPhoneSimulator.ActiveCfg = Release|x86
		{DBE246B7-B7A3-47CA-8C0A-C2F4902C2F9F}.Release|x64.ActiveCfg = Release|x64
		{DBE246B7-B7A3-47CA-8C0A-C2F4902C2F9F}.Release|x64.Build.0 = Release|x64
		{DBE246B7-B7A3-47CA-8C0A-C2F4902C2F9F}.Release|x64.Deploy.0 = Release|x64
		{DBE246B7-B7A3-47CA-8C0A-C2F4902C2F9F}.Release|x86.ActiveCfg = Release|x86
		{DBE246B7-B7A3-47CA-8C0A-C2F4902C2F9F}.Release|x86.Build.0 = Release|x86
		{DBE246B7-B7A3-47CA-8C0A-C2F4902C2F9F}.Release|x86.Deploy.0 = Release|x86
		{0B6C2F2C-210C-45A8-A3A0-C16DE95E71DB}.Ad-Hoc|Any CPU.ActiveCfg = Release|Any CPU
		{0B6C2F2C-210C-45A8-A3A0-C16DE95E71DB}.Ad-Hoc|Any CPU.Build.0 = Release|Any CPU
		{0B6C2F2C-210C-45A8-A3A0-C16DE95E71DB}.Ad-Hoc|ARM.ActiveCfg = Release|Any CPU
		{0B6C2F2C-210C-45A8-A3A0-C16DE95E71DB}.Ad-Hoc|ARM.Build.0 = Release|Any CPU
		{0B6C2F2C-210C-45A8-A3A0-C16DE95E71DB}.Ad-Hoc|iPhone.ActiveCfg = Release|Any CPU
		{0B6C2F2C-210C-45A8-A3A0-C16DE95E71DB}.Ad-Hoc|iPhone.Build.0 = Release|Any CPU
		{0B6C2F2C-210C-45A8-A3A0-C16DE95E71DB}.Ad-Hoc|iPhoneSimulator.ActiveCfg = Release|Any CPU
		{0B6C2F2C-210C-45A8-A3A0-C16DE95E71DB}.Ad-Hoc|iPhoneSimulator.Build.0 = Release|Any CPU
		{0B6C2F2C-210C-45A8-A3A0-C16DE95E71DB}.Ad-Hoc|x64.ActiveCfg = Release|Any CPU
		{0B6C2F2C-210C-45A8-A3A0-C16DE95E71DB}.Ad-Hoc|x64.Build.0 = Release|Any CPU
		{0B6C2F2C-210C-45A8-A3A0-C16DE95E71DB}.Ad-Hoc|x86.ActiveCfg = Release|Any CPU
		{0B6C2F2C-210C-45A8-A3A0-C16DE95E71DB}.Ad-Hoc|x86.Build.0 = Release|Any CPU
		{0B6C2F2C-210C-45A8-A3A0-C16DE95E71DB}.AppStore|Any CPU.ActiveCfg = Release|Any CPU
		{0B6C2F2C-210C-45A8-A3A0-C16DE95E71DB}.AppStore|Any CPU.Build.0 = Release|Any CPU
		{0B6C2F2C-210C-45A8-A3A0-C16DE95E71DB}.AppStore|ARM.ActiveCfg = Release|Any CPU
		{0B6C2F2C-210C-45A8-A3A0-C16DE95E71DB}.AppStore|ARM.Build.0 = Release|Any CPU
		{0B6C2F2C-210C-45A8-A3A0-C16DE95E71DB}.AppStore|iPhone.ActiveCfg = Release|Any CPU
		{0B6C2F2C-210C-45A8-A3A0-C16DE95E71DB}.AppStore|iPhone.Build.0 = Release|Any CPU
		{0B6C2F2C-210C-45A8-A3A0-C16DE95E71DB}.AppStore|iPhoneSimulator.ActiveCfg = Release|Any CPU
		{0B6C2F2C-210C-45A8-A3A0-C16DE95E71DB}.AppStore|iPhoneSimulator.Build.0 = Release|Any CPU
		{0B6C2F2C-210C-45A8-A3A0-C16DE95E71DB}.AppStore|x64.ActiveCfg = Release|Any CPU
		{0B6C2F2C-210C-45A8-A3A0-C16DE95E71DB}.AppStore|x64.Build.0 = Release|Any CPU
		{0B6C2F2C-210C-45A8-A3A0-C16DE95E71DB}.AppStore|x86.ActiveCfg = Release|Any CPU
		{0B6C2F2C-210C-45A8-A3A0-C16DE95E71DB}.AppStore|x86.Build.0 = Release|Any CPU
		{0B6C2F2C-210C-45A8-A3A0-C16DE95E71DB}.Debug|Any CPU.ActiveCfg = Debug|Any CPU
		{0B6C2F2C-210C-45A8-A3A0-C16DE95E71DB}.Debug|Any CPU.Build.0 = Debug|Any CPU
		{0B6C2F2C-210C-45A8-A3A0-C16DE95E71DB}.Debug|ARM.ActiveCfg = Debug|Any CPU
		{0B6C2F2C-210C-45A8-A3A0-C16DE95E71DB}.Debug|ARM.Build.0 = Debug|Any CPU
		{0B6C2F2C-210C-45A8-A3A0-C16DE95E71DB}.Debug|iPhone.ActiveCfg = Debug|Any CPU
		{0B6C2F2C-210C-45A8-A3A0-C16DE95E71DB}.Debug|iPhone.Build.0 = Debug|Any CPU
		{0B6C2F2C-210C-45A8-A3A0-C16DE95E71DB}.Debug|iPhoneSimulator.ActiveCfg = Debug|Any CPU
		{0B6C2F2C-210C-45A8-A3A0-C16DE95E71DB}.Debug|iPhoneSimulator.Build.0 = Debug|Any CPU
		{0B6C2F2C-210C-45A8-A3A0-C16DE95E71DB}.Debug|x64.ActiveCfg = Debug|Any CPU
		{0B6C2F2C-210C-45A8-A3A0-C16DE95E71DB}.Debug|x64.Build.0 = Debug|Any CPU
		{0B6C2F2C-210C-45A8-A3A0-C16DE95E71DB}.Debug|x86.ActiveCfg = Debug|Any CPU
		{0B6C2F2C-210C-45A8-A3A0-C16DE95E71DB}.Debug|x86.Build.0 = Debug|Any CPU
		{0B6C2F2C-210C-45A8-A3A0-C16DE95E71DB}.Release|Any CPU.ActiveCfg = Release|Any CPU
		{0B6C2F2C-210C-45A8-A3A0-C16DE95E71DB}.Release|Any CPU.Build.0 = Release|Any CPU
		{0B6C2F2C-210C-45A8-A3A0-C16DE95E71DB}.Release|ARM.ActiveCfg = Release|Any CPU
		{0B6C2F2C-210C-45A8-A3A0-C16DE95E71DB}.Release|ARM.Build.0 = Release|Any CPU
		{0B6C2F2C-210C-45A8-A3A0-C16DE95E71DB}.Release|iPhone.ActiveCfg = Release|Any CPU
		{0B6C2F2C-210C-45A8-A3A0-C16DE95E71DB}.Release|iPhone.Build.0 = Release|Any CPU
		{0B6C2F2C-210C-45A8-A3A0-C16DE95E71DB}.Release|iPhoneSimulator.ActiveCfg = Release|Any CPU
		{0B6C2F2C-210C-45A8-A3A0-C16DE95E71DB}.Release|iPhoneSimulator.Build.0 = Release|Any CPU
		{0B6C2F2C-210C-45A8-A3A0-C16DE95E71DB}.Release|x64.ActiveCfg = Release|Any CPU
		{0B6C2F2C-210C-45A8-A3A0-C16DE95E71DB}.Release|x64.Build.0 = Release|Any CPU
		{0B6C2F2C-210C-45A8-A3A0-C16DE95E71DB}.Release|x86.ActiveCfg = Release|Any CPU
		{0B6C2F2C-210C-45A8-A3A0-C16DE95E71DB}.Release|x86.Build.0 = Release|Any CPU
		{8373BF84-C17D-434B-8D5F-1BBC4F12EC9B}.Ad-Hoc|Any CPU.ActiveCfg = Release|Any CPU
		{8373BF84-C17D-434B-8D5F-1BBC4F12EC9B}.Ad-Hoc|Any CPU.Build.0 = Release|Any CPU
		{8373BF84-C17D-434B-8D5F-1BBC4F12EC9B}.Ad-Hoc|ARM.ActiveCfg = Release|Any CPU
		{8373BF84-C17D-434B-8D5F-1BBC4F12EC9B}.Ad-Hoc|ARM.Build.0 = Release|Any CPU
		{8373BF84-C17D-434B-8D5F-1BBC4F12EC9B}.Ad-Hoc|iPhone.ActiveCfg = Release|Any CPU
		{8373BF84-C17D-434B-8D5F-1BBC4F12EC9B}.Ad-Hoc|iPhone.Build.0 = Release|Any CPU
		{8373BF84-C17D-434B-8D5F-1BBC4F12EC9B}.Ad-Hoc|iPhoneSimulator.ActiveCfg = Release|Any CPU
		{8373BF84-C17D-434B-8D5F-1BBC4F12EC9B}.Ad-Hoc|iPhoneSimulator.Build.0 = Release|Any CPU
		{8373BF84-C17D-434B-8D5F-1BBC4F12EC9B}.Ad-Hoc|x64.ActiveCfg = Release|Any CPU
		{8373BF84-C17D-434B-8D5F-1BBC4F12EC9B}.Ad-Hoc|x64.Build.0 = Release|Any CPU
		{8373BF84-C17D-434B-8D5F-1BBC4F12EC9B}.Ad-Hoc|x86.ActiveCfg = Release|Any CPU
		{8373BF84-C17D-434B-8D5F-1BBC4F12EC9B}.Ad-Hoc|x86.Build.0 = Release|Any CPU
		{8373BF84-C17D-434B-8D5F-1BBC4F12EC9B}.AppStore|Any CPU.ActiveCfg = Release|Any CPU
		{8373BF84-C17D-434B-8D5F-1BBC4F12EC9B}.AppStore|Any CPU.Build.0 = Release|Any CPU
		{8373BF84-C17D-434B-8D5F-1BBC4F12EC9B}.AppStore|ARM.ActiveCfg = Release|Any CPU
		{8373BF84-C17D-434B-8D5F-1BBC4F12EC9B}.AppStore|ARM.Build.0 = Release|Any CPU
		{8373BF84-C17D-434B-8D5F-1BBC4F12EC9B}.AppStore|iPhone.ActiveCfg = Release|Any CPU
		{8373BF84-C17D-434B-8D5F-1BBC4F12EC9B}.AppStore|iPhone.Build.0 = Release|Any CPU
		{8373BF84-C17D-434B-8D5F-1BBC4F12EC9B}.AppStore|iPhoneSimulator.ActiveCfg = Release|Any CPU
		{8373BF84-C17D-434B-8D5F-1BBC4F12EC9B}.AppStore|iPhoneSimulator.Build.0 = Release|Any CPU
		{8373BF84-C17D-434B-8D5F-1BBC4F12EC9B}.AppStore|x64.ActiveCfg = Release|Any CPU
		{8373BF84-C17D-434B-8D5F-1BBC4F12EC9B}.AppStore|x64.Build.0 = Release|Any CPU
		{8373BF84-C17D-434B-8D5F-1BBC4F12EC9B}.AppStore|x86.ActiveCfg = Release|Any CPU
		{8373BF84-C17D-434B-8D5F-1BBC4F12EC9B}.AppStore|x86.Build.0 = Release|Any CPU
		{8373BF84-C17D-434B-8D5F-1BBC4F12EC9B}.Debug|Any CPU.ActiveCfg = Debug|Any CPU
		{8373BF84-C17D-434B-8D5F-1BBC4F12EC9B}.Debug|Any CPU.Build.0 = Debug|Any CPU
		{8373BF84-C17D-434B-8D5F-1BBC4F12EC9B}.Debug|ARM.ActiveCfg = Debug|Any CPU
		{8373BF84-C17D-434B-8D5F-1BBC4F12EC9B}.Debug|ARM.Build.0 = Debug|Any CPU
		{8373BF84-C17D-434B-8D5F-1BBC4F12EC9B}.Debug|iPhone.ActiveCfg = Debug|Any CPU
		{8373BF84-C17D-434B-8D5F-1BBC4F12EC9B}.Debug|iPhone.Build.0 = Debug|Any CPU
		{8373BF84-C17D-434B-8D5F-1BBC4F12EC9B}.Debug|iPhoneSimulator.ActiveCfg = Debug|Any CPU
		{8373BF84-C17D-434B-8D5F-1BBC4F12EC9B}.Debug|iPhoneSimulator.Build.0 = Debug|Any CPU
		{8373BF84-C17D-434B-8D5F-1BBC4F12EC9B}.Debug|x64.ActiveCfg = Debug|Any CPU
		{8373BF84-C17D-434B-8D5F-1BBC4F12EC9B}.Debug|x64.Build.0 = Debug|Any CPU
		{8373BF84-C17D-434B-8D5F-1BBC4F12EC9B}.Debug|x86.ActiveCfg = Debug|Any CPU
		{8373BF84-C17D-434B-8D5F-1BBC4F12EC9B}.Debug|x86.Build.0 = Debug|Any CPU
		{8373BF84-C17D-434B-8D5F-1BBC4F12EC9B}.Release|Any CPU.ActiveCfg = Release|Any CPU
		{8373BF84-C17D-434B-8D5F-1BBC4F12EC9B}.Release|Any CPU.Build.0 = Release|Any CPU
		{8373BF84-C17D-434B-8D5F-1BBC4F12EC9B}.Release|ARM.ActiveCfg = Release|Any CPU
		{8373BF84-C17D-434B-8D5F-1BBC4F12EC9B}.Release|ARM.Build.0 = Release|Any CPU
		{8373BF84-C17D-434B-8D5F-1BBC4F12EC9B}.Release|iPhone.ActiveCfg = Release|Any CPU
		{8373BF84-C17D-434B-8D5F-1BBC4F12EC9B}.Release|iPhone.Build.0 = Release|Any CPU
		{8373BF84-C17D-434B-8D5F-1BBC4F12EC9B}.Release|iPhoneSimulator.ActiveCfg = Release|Any CPU
		{8373BF84-C17D-434B-8D5F-1BBC4F12EC9B}.Release|iPhoneSimulator.Build.0 = Release|Any CPU
		{8373BF84-C17D-434B-8D5F-1BBC4F12EC9B}.Release|x64.ActiveCfg = Release|Any CPU
		{8373BF84-C17D-434B-8D5F-1BBC4F12EC9B}.Release|x64.Build.0 = Release|Any CPU
		{8373BF84-C17D-434B-8D5F-1BBC4F12EC9B}.Release|x86.ActiveCfg = Release|Any CPU
		{8373BF84-C17D-434B-8D5F-1BBC4F12EC9B}.Release|x86.Build.0 = Release|Any CPU
		{78A73D33-F956-44F4-9E38-DBCBA4500FDC}.Ad-Hoc|Any CPU.ActiveCfg = Release|Any CPU
		{78A73D33-F956-44F4-9E38-DBCBA4500FDC}.Ad-Hoc|Any CPU.Build.0 = Release|Any CPU
		{78A73D33-F956-44F4-9E38-DBCBA4500FDC}.Ad-Hoc|ARM.ActiveCfg = Release|Any CPU
		{78A73D33-F956-44F4-9E38-DBCBA4500FDC}.Ad-Hoc|ARM.Build.0 = Release|Any CPU
		{78A73D33-F956-44F4-9E38-DBCBA4500FDC}.Ad-Hoc|iPhone.ActiveCfg = Release|Any CPU
		{78A73D33-F956-44F4-9E38-DBCBA4500FDC}.Ad-Hoc|iPhone.Build.0 = Release|Any CPU
		{78A73D33-F956-44F4-9E38-DBCBA4500FDC}.Ad-Hoc|iPhoneSimulator.ActiveCfg = Release|Any CPU
		{78A73D33-F956-44F4-9E38-DBCBA4500FDC}.Ad-Hoc|iPhoneSimulator.Build.0 = Release|Any CPU
		{78A73D33-F956-44F4-9E38-DBCBA4500FDC}.Ad-Hoc|x64.ActiveCfg = Release|Any CPU
		{78A73D33-F956-44F4-9E38-DBCBA4500FDC}.Ad-Hoc|x64.Build.0 = Release|Any CPU
		{78A73D33-F956-44F4-9E38-DBCBA4500FDC}.Ad-Hoc|x86.ActiveCfg = Release|Any CPU
		{78A73D33-F956-44F4-9E38-DBCBA4500FDC}.Ad-Hoc|x86.Build.0 = Release|Any CPU
		{78A73D33-F956-44F4-9E38-DBCBA4500FDC}.AppStore|Any CPU.ActiveCfg = Release|Any CPU
		{78A73D33-F956-44F4-9E38-DBCBA4500FDC}.AppStore|Any CPU.Build.0 = Release|Any CPU
		{78A73D33-F956-44F4-9E38-DBCBA4500FDC}.AppStore|ARM.ActiveCfg = Release|Any CPU
		{78A73D33-F956-44F4-9E38-DBCBA4500FDC}.AppStore|ARM.Build.0 = Release|Any CPU
		{78A73D33-F956-44F4-9E38-DBCBA4500FDC}.AppStore|iPhone.ActiveCfg = Release|Any CPU
		{78A73D33-F956-44F4-9E38-DBCBA4500FDC}.AppStore|iPhone.Build.0 = Release|Any CPU
		{78A73D33-F956-44F4-9E38-DBCBA4500FDC}.AppStore|iPhoneSimulator.ActiveCfg = Release|Any CPU
		{78A73D33-F956-44F4-9E38-DBCBA4500FDC}.AppStore|iPhoneSimulator.Build.0 = Release|Any CPU
		{78A73D33-F956-44F4-9E38-DBCBA4500FDC}.AppStore|x64.ActiveCfg = Release|Any CPU
		{78A73D33-F956-44F4-9E38-DBCBA4500FDC}.AppStore|x64.Build.0 = Release|Any CPU
		{78A73D33-F956-44F4-9E38-DBCBA4500FDC}.AppStore|x86.ActiveCfg = Release|Any CPU
		{78A73D33-F956-44F4-9E38-DBCBA4500FDC}.AppStore|x86.Build.0 = Release|Any CPU
		{78A73D33-F956-44F4-9E38-DBCBA4500FDC}.Debug|Any CPU.ActiveCfg = Debug|Any CPU
		{78A73D33-F956-44F4-9E38-DBCBA4500FDC}.Debug|Any CPU.Build.0 = Debug|Any CPU
		{78A73D33-F956-44F4-9E38-DBCBA4500FDC}.Debug|Any CPU.Deploy.0 = Debug|Any CPU
		{78A73D33-F956-44F4-9E38-DBCBA4500FDC}.Debug|ARM.ActiveCfg = Debug|Any CPU
		{78A73D33-F956-44F4-9E38-DBCBA4500FDC}.Debug|ARM.Build.0 = Debug|Any CPU
		{78A73D33-F956-44F4-9E38-DBCBA4500FDC}.Debug|iPhone.ActiveCfg = Debug|Any CPU
		{78A73D33-F956-44F4-9E38-DBCBA4500FDC}.Debug|iPhone.Build.0 = Debug|Any CPU
		{78A73D33-F956-44F4-9E38-DBCBA4500FDC}.Debug|iPhoneSimulator.ActiveCfg = Debug|Any CPU
		{78A73D33-F956-44F4-9E38-DBCBA4500FDC}.Debug|iPhoneSimulator.Build.0 = Debug|Any CPU
		{78A73D33-F956-44F4-9E38-DBCBA4500FDC}.Debug|x64.ActiveCfg = Debug|Any CPU
		{78A73D33-F956-44F4-9E38-DBCBA4500FDC}.Debug|x64.Build.0 = Debug|Any CPU
		{78A73D33-F956-44F4-9E38-DBCBA4500FDC}.Debug|x86.ActiveCfg = Debug|Any CPU
		{78A73D33-F956-44F4-9E38-DBCBA4500FDC}.Debug|x86.Build.0 = Debug|Any CPU
		{78A73D33-F956-44F4-9E38-DBCBA4500FDC}.Release|Any CPU.ActiveCfg = Release|Any CPU
		{78A73D33-F956-44F4-9E38-DBCBA4500FDC}.Release|Any CPU.Build.0 = Release|Any CPU
		{78A73D33-F956-44F4-9E38-DBCBA4500FDC}.Release|Any CPU.Deploy.0 = Release|Any CPU
		{78A73D33-F956-44F4-9E38-DBCBA4500FDC}.Release|ARM.ActiveCfg = Release|Any CPU
		{78A73D33-F956-44F4-9E38-DBCBA4500FDC}.Release|ARM.Build.0 = Release|Any CPU
		{78A73D33-F956-44F4-9E38-DBCBA4500FDC}.Release|iPhone.ActiveCfg = Release|Any CPU
		{78A73D33-F956-44F4-9E38-DBCBA4500FDC}.Release|iPhone.Build.0 = Release|Any CPU
		{78A73D33-F956-44F4-9E38-DBCBA4500FDC}.Release|iPhoneSimulator.ActiveCfg = Release|Any CPU
		{78A73D33-F956-44F4-9E38-DBCBA4500FDC}.Release|iPhoneSimulator.Build.0 = Release|Any CPU
		{78A73D33-F956-44F4-9E38-DBCBA4500FDC}.Release|x64.ActiveCfg = Release|Any CPU
		{78A73D33-F956-44F4-9E38-DBCBA4500FDC}.Release|x64.Build.0 = Release|Any CPU
		{78A73D33-F956-44F4-9E38-DBCBA4500FDC}.Release|x86.ActiveCfg = Release|Any CPU
		{78A73D33-F956-44F4-9E38-DBCBA4500FDC}.Release|x86.Build.0 = Release|Any CPU
		{ACCA8CE3-4F13-4BA6-A972-0E00739BA977}.Ad-Hoc|Any CPU.ActiveCfg = Release|Any CPU
		{ACCA8CE3-4F13-4BA6-A972-0E00739BA977}.Ad-Hoc|Any CPU.Build.0 = Release|Any CPU
		{ACCA8CE3-4F13-4BA6-A972-0E00739BA977}.Ad-Hoc|ARM.ActiveCfg = Release|Any CPU
		{ACCA8CE3-4F13-4BA6-A972-0E00739BA977}.Ad-Hoc|ARM.Build.0 = Release|Any CPU
		{ACCA8CE3-4F13-4BA6-A972-0E00739BA977}.Ad-Hoc|iPhone.ActiveCfg = Release|Any CPU
		{ACCA8CE3-4F13-4BA6-A972-0E00739BA977}.Ad-Hoc|iPhone.Build.0 = Release|Any CPU
		{ACCA8CE3-4F13-4BA6-A972-0E00739BA977}.Ad-Hoc|iPhoneSimulator.ActiveCfg = Release|Any CPU
		{ACCA8CE3-4F13-4BA6-A972-0E00739BA977}.Ad-Hoc|iPhoneSimulator.Build.0 = Release|Any CPU
		{ACCA8CE3-4F13-4BA6-A972-0E00739BA977}.Ad-Hoc|x64.ActiveCfg = Release|Any CPU
		{ACCA8CE3-4F13-4BA6-A972-0E00739BA977}.Ad-Hoc|x64.Build.0 = Release|Any CPU
		{ACCA8CE3-4F13-4BA6-A972-0E00739BA977}.Ad-Hoc|x86.ActiveCfg = Release|Any CPU
		{ACCA8CE3-4F13-4BA6-A972-0E00739BA977}.Ad-Hoc|x86.Build.0 = Release|Any CPU
		{ACCA8CE3-4F13-4BA6-A972-0E00739BA977}.AppStore|Any CPU.ActiveCfg = Release|Any CPU
		{ACCA8CE3-4F13-4BA6-A972-0E00739BA977}.AppStore|Any CPU.Build.0 = Release|Any CPU
		{ACCA8CE3-4F13-4BA6-A972-0E00739BA977}.AppStore|ARM.ActiveCfg = Release|Any CPU
		{ACCA8CE3-4F13-4BA6-A972-0E00739BA977}.AppStore|ARM.Build.0 = Release|Any CPU
		{ACCA8CE3-4F13-4BA6-A972-0E00739BA977}.AppStore|iPhone.ActiveCfg = Release|Any CPU
		{ACCA8CE3-4F13-4BA6-A972-0E00739BA977}.AppStore|iPhone.Build.0 = Release|Any CPU
		{ACCA8CE3-4F13-4BA6-A972-0E00739BA977}.AppStore|iPhoneSimulator.ActiveCfg = Release|Any CPU
		{ACCA8CE3-4F13-4BA6-A972-0E00739BA977}.AppStore|iPhoneSimulator.Build.0 = Release|Any CPU
		{ACCA8CE3-4F13-4BA6-A972-0E00739BA977}.AppStore|x64.ActiveCfg = Release|Any CPU
		{ACCA8CE3-4F13-4BA6-A972-0E00739BA977}.AppStore|x64.Build.0 = Release|Any CPU
		{ACCA8CE3-4F13-4BA6-A972-0E00739BA977}.AppStore|x86.ActiveCfg = Release|Any CPU
		{ACCA8CE3-4F13-4BA6-A972-0E00739BA977}.AppStore|x86.Build.0 = Release|Any CPU
		{ACCA8CE3-4F13-4BA6-A972-0E00739BA977}.Debug|Any CPU.ActiveCfg = Debug|Any CPU
		{ACCA8CE3-4F13-4BA6-A972-0E00739BA977}.Debug|Any CPU.Build.0 = Debug|Any CPU
		{ACCA8CE3-4F13-4BA6-A972-0E00739BA977}.Debug|ARM.ActiveCfg = Debug|Any CPU
		{ACCA8CE3-4F13-4BA6-A972-0E00739BA977}.Debug|ARM.Build.0 = Debug|Any CPU
		{ACCA8CE3-4F13-4BA6-A972-0E00739BA977}.Debug|iPhone.ActiveCfg = Debug|Any CPU
		{ACCA8CE3-4F13-4BA6-A972-0E00739BA977}.Debug|iPhone.Build.0 = Debug|Any CPU
		{ACCA8CE3-4F13-4BA6-A972-0E00739BA977}.Debug|iPhoneSimulator.ActiveCfg = Debug|Any CPU
		{ACCA8CE3-4F13-4BA6-A972-0E00739BA977}.Debug|iPhoneSimulator.Build.0 = Debug|Any CPU
		{ACCA8CE3-4F13-4BA6-A972-0E00739BA977}.Debug|x64.ActiveCfg = Debug|Any CPU
		{ACCA8CE3-4F13-4BA6-A972-0E00739BA977}.Debug|x64.Build.0 = Debug|Any CPU
		{ACCA8CE3-4F13-4BA6-A972-0E00739BA977}.Debug|x86.ActiveCfg = Debug|Any CPU
		{ACCA8CE3-4F13-4BA6-A972-0E00739BA977}.Debug|x86.Build.0 = Debug|Any CPU
		{ACCA8CE3-4F13-4BA6-A972-0E00739BA977}.Release|Any CPU.ActiveCfg = Release|Any CPU
		{ACCA8CE3-4F13-4BA6-A972-0E00739BA977}.Release|Any CPU.Build.0 = Release|Any CPU
		{ACCA8CE3-4F13-4BA6-A972-0E00739BA977}.Release|ARM.ActiveCfg = Release|Any CPU
		{ACCA8CE3-4F13-4BA6-A972-0E00739BA977}.Release|ARM.Build.0 = Release|Any CPU
		{ACCA8CE3-4F13-4BA6-A972-0E00739BA977}.Release|iPhone.ActiveCfg = Release|Any CPU
		{ACCA8CE3-4F13-4BA6-A972-0E00739BA977}.Release|iPhone.Build.0 = Release|Any CPU
		{ACCA8CE3-4F13-4BA6-A972-0E00739BA977}.Release|iPhoneSimulator.ActiveCfg = Release|Any CPU
		{ACCA8CE3-4F13-4BA6-A972-0E00739BA977}.Release|iPhoneSimulator.Build.0 = Release|Any CPU
		{ACCA8CE3-4F13-4BA6-A972-0E00739BA977}.Release|x64.ActiveCfg = Release|Any CPU
		{ACCA8CE3-4F13-4BA6-A972-0E00739BA977}.Release|x64.Build.0 = Release|Any CPU
		{ACCA8CE3-4F13-4BA6-A972-0E00739BA977}.Release|x86.ActiveCfg = Release|Any CPU
		{ACCA8CE3-4F13-4BA6-A972-0E00739BA977}.Release|x86.Build.0 = Release|Any CPU
		{2EA87401-0E87-421D-AA0D-5F441067FA16}.Ad-Hoc|Any CPU.ActiveCfg = Release|x64
		{2EA87401-0E87-421D-AA0D-5F441067FA16}.Ad-Hoc|Any CPU.Build.0 = Release|x64
		{2EA87401-0E87-421D-AA0D-5F441067FA16}.Ad-Hoc|Any CPU.Deploy.0 = Release|x64
		{2EA87401-0E87-421D-AA0D-5F441067FA16}.Ad-Hoc|ARM.ActiveCfg = Release|ARM
		{2EA87401-0E87-421D-AA0D-5F441067FA16}.Ad-Hoc|ARM.Build.0 = Release|ARM
		{2EA87401-0E87-421D-AA0D-5F441067FA16}.Ad-Hoc|ARM.Deploy.0 = Release|ARM
		{2EA87401-0E87-421D-AA0D-5F441067FA16}.Ad-Hoc|ARM64.ActiveCfg = Release|ARM64
		{2EA87401-0E87-421D-AA0D-5F441067FA16}.Ad-Hoc|ARM64.Build.0 = Release|ARM64
		{2EA87401-0E87-421D-AA0D-5F441067FA16}.Ad-Hoc|ARM64.Deploy.0 = Release|ARM64
		{2EA87401-0E87-421D-AA0D-5F441067FA16}.Ad-Hoc|iPhone.ActiveCfg = Release|x64
		{2EA87401-0E87-421D-AA0D-5F441067FA16}.Ad-Hoc|iPhone.Build.0 = Release|x64
		{2EA87401-0E87-421D-AA0D-5F441067FA16}.Ad-Hoc|iPhone.Deploy.0 = Release|x64
		{2EA87401-0E87-421D-AA0D-5F441067FA16}.Ad-Hoc|iPhoneSimulator.ActiveCfg = Release|x64
		{2EA87401-0E87-421D-AA0D-5F441067FA16}.Ad-Hoc|iPhoneSimulator.Build.0 = Release|x64
		{2EA87401-0E87-421D-AA0D-5F441067FA16}.Ad-Hoc|iPhoneSimulator.Deploy.0 = Release|x64
		{2EA87401-0E87-421D-AA0D-5F441067FA16}.Ad-Hoc|x64.ActiveCfg = Release|x64
		{2EA87401-0E87-421D-AA0D-5F441067FA16}.Ad-Hoc|x64.Build.0 = Release|x64
		{2EA87401-0E87-421D-AA0D-5F441067FA16}.Ad-Hoc|x64.Deploy.0 = Release|x64
		{2EA87401-0E87-421D-AA0D-5F441067FA16}.Ad-Hoc|x86.ActiveCfg = Release|x86
		{2EA87401-0E87-421D-AA0D-5F441067FA16}.Ad-Hoc|x86.Build.0 = Release|x86
		{2EA87401-0E87-421D-AA0D-5F441067FA16}.Ad-Hoc|x86.Deploy.0 = Release|x86
		{2EA87401-0E87-421D-AA0D-5F441067FA16}.AppStore|Any CPU.ActiveCfg = Release|x64
		{2EA87401-0E87-421D-AA0D-5F441067FA16}.AppStore|Any CPU.Build.0 = Release|x64
		{2EA87401-0E87-421D-AA0D-5F441067FA16}.AppStore|Any CPU.Deploy.0 = Release|x64
		{2EA87401-0E87-421D-AA0D-5F441067FA16}.AppStore|ARM.ActiveCfg = Release|ARM
		{2EA87401-0E87-421D-AA0D-5F441067FA16}.AppStore|ARM.Build.0 = Release|ARM
		{2EA87401-0E87-421D-AA0D-5F441067FA16}.AppStore|ARM.Deploy.0 = Release|ARM
		{2EA87401-0E87-421D-AA0D-5F441067FA16}.AppStore|ARM64.ActiveCfg = Release|ARM64
		{2EA87401-0E87-421D-AA0D-5F441067FA16}.AppStore|ARM64.Build.0 = Release|ARM64
		{2EA87401-0E87-421D-AA0D-5F441067FA16}.AppStore|ARM64.Deploy.0 = Release|ARM64
		{2EA87401-0E87-421D-AA0D-5F441067FA16}.AppStore|iPhone.ActiveCfg = Release|x64
		{2EA87401-0E87-421D-AA0D-5F441067FA16}.AppStore|iPhone.Build.0 = Release|x64
		{2EA87401-0E87-421D-AA0D-5F441067FA16}.AppStore|iPhone.Deploy.0 = Release|x64
		{2EA87401-0E87-421D-AA0D-5F441067FA16}.AppStore|iPhoneSimulator.ActiveCfg = Release|x64
		{2EA87401-0E87-421D-AA0D-5F441067FA16}.AppStore|iPhoneSimulator.Build.0 = Release|x64
		{2EA87401-0E87-421D-AA0D-5F441067FA16}.AppStore|iPhoneSimulator.Deploy.0 = Release|x64
		{2EA87401-0E87-421D-AA0D-5F441067FA16}.AppStore|x64.ActiveCfg = Release|x64
		{2EA87401-0E87-421D-AA0D-5F441067FA16}.AppStore|x64.Build.0 = Release|x64
		{2EA87401-0E87-421D-AA0D-5F441067FA16}.AppStore|x64.Deploy.0 = Release|x64
		{2EA87401-0E87-421D-AA0D-5F441067FA16}.AppStore|x86.ActiveCfg = Release|x86
		{2EA87401-0E87-421D-AA0D-5F441067FA16}.AppStore|x86.Build.0 = Release|x86
		{2EA87401-0E87-421D-AA0D-5F441067FA16}.AppStore|x86.Deploy.0 = Release|x86
		{2EA87401-0E87-421D-AA0D-5F441067FA16}.Debug|Any CPU.ActiveCfg = Debug|x86
		{2EA87401-0E87-421D-AA0D-5F441067FA16}.Debug|ARM.ActiveCfg = Debug|ARM
		{2EA87401-0E87-421D-AA0D-5F441067FA16}.Debug|ARM.Build.0 = Debug|ARM
		{2EA87401-0E87-421D-AA0D-5F441067FA16}.Debug|ARM.Deploy.0 = Debug|ARM
		{2EA87401-0E87-421D-AA0D-5F441067FA16}.Debug|ARM64.ActiveCfg = Debug|ARM64
		{2EA87401-0E87-421D-AA0D-5F441067FA16}.Debug|ARM64.Build.0 = Debug|ARM64
		{2EA87401-0E87-421D-AA0D-5F441067FA16}.Debug|ARM64.Deploy.0 = Debug|ARM64
		{2EA87401-0E87-421D-AA0D-5F441067FA16}.Debug|iPhone.ActiveCfg = Debug|x86
		{2EA87401-0E87-421D-AA0D-5F441067FA16}.Debug|iPhoneSimulator.ActiveCfg = Debug|x86
		{2EA87401-0E87-421D-AA0D-5F441067FA16}.Debug|x64.ActiveCfg = Debug|x64
		{2EA87401-0E87-421D-AA0D-5F441067FA16}.Debug|x64.Build.0 = Debug|x64
		{2EA87401-0E87-421D-AA0D-5F441067FA16}.Debug|x64.Deploy.0 = Debug|x64
		{2EA87401-0E87-421D-AA0D-5F441067FA16}.Debug|x86.ActiveCfg = Debug|x86
		{2EA87401-0E87-421D-AA0D-5F441067FA16}.Debug|x86.Build.0 = Debug|x86
		{2EA87401-0E87-421D-AA0D-5F441067FA16}.Debug|x86.Deploy.0 = Debug|x86
		{2EA87401-0E87-421D-AA0D-5F441067FA16}.Release|Any CPU.ActiveCfg = Release|x86
		{2EA87401-0E87-421D-AA0D-5F441067FA16}.Release|ARM.ActiveCfg = Release|ARM
		{2EA87401-0E87-421D-AA0D-5F441067FA16}.Release|ARM.Build.0 = Release|ARM
		{2EA87401-0E87-421D-AA0D-5F441067FA16}.Release|ARM.Deploy.0 = Release|ARM
		{2EA87401-0E87-421D-AA0D-5F441067FA16}.Release|ARM64.ActiveCfg = Release|ARM64
		{2EA87401-0E87-421D-AA0D-5F441067FA16}.Release|ARM64.Build.0 = Release|ARM64
		{2EA87401-0E87-421D-AA0D-5F441067FA16}.Release|ARM64.Deploy.0 = Release|ARM64
		{2EA87401-0E87-421D-AA0D-5F441067FA16}.Release|iPhone.ActiveCfg = Release|x86
		{2EA87401-0E87-421D-AA0D-5F441067FA16}.Release|iPhoneSimulator.ActiveCfg = Release|x86
		{2EA87401-0E87-421D-AA0D-5F441067FA16}.Release|x64.ActiveCfg = Release|x64
		{2EA87401-0E87-421D-AA0D-5F441067FA16}.Release|x64.Build.0 = Release|x64
		{2EA87401-0E87-421D-AA0D-5F441067FA16}.Release|x64.Deploy.0 = Release|x64
		{2EA87401-0E87-421D-AA0D-5F441067FA16}.Release|x86.ActiveCfg = Release|x86
		{2EA87401-0E87-421D-AA0D-5F441067FA16}.Release|x86.Build.0 = Release|x86
		{2EA87401-0E87-421D-AA0D-5F441067FA16}.Release|x86.Deploy.0 = Release|x86
	EndGlobalSection
	GlobalSection(SolutionProperties) = preSolution
		HideSolutionNode = FALSE
	EndGlobalSection
	GlobalSection(ExtensibilityGlobals) = postSolution
		SolutionGuid = {F6D05029-56B8-4E45-AF2D-0E76295DDBA2}
	EndGlobalSection
EndGlobal
